// !$*UTF8*$!
{
	archiveVersion = 1;
	classes = {
	};
	objectVersion = 51;
	objects = {

/* Begin PBXBuildFile section */
		0C9BCF5F250404E400F83EF5 /* AppDelegate.swift in Sources */ = {isa = PBXBuildFile; fileRef = 0C9BCF5E250404E400F83EF5 /* AppDelegate.swift */; };
		0C9BCF61250404E400F83EF5 /* SceneDelegate.swift in Sources */ = {isa = PBXBuildFile; fileRef = 0C9BCF60250404E400F83EF5 /* SceneDelegate.swift */; };
		0C9BCF63250404E400F83EF5 /* HomeViewController.swift in Sources */ = {isa = PBXBuildFile; fileRef = 0C9BCF62250404E400F83EF5 /* HomeViewController.swift */; };
		0C9BCF66250404E400F83EF5 /* Main.storyboard in Resources */ = {isa = PBXBuildFile; fileRef = 0C9BCF64250404E400F83EF5 /* Main.storyboard */; };
		0C9BCF68250404E500F83EF5 /* Assets.xcassets in Resources */ = {isa = PBXBuildFile; fileRef = 0C9BCF67250404E500F83EF5 /* Assets.xcassets */; };
		0C9BCF6B250404E500F83EF5 /* LaunchScreen.storyboard in Resources */ = {isa = PBXBuildFile; fileRef = 0C9BCF69250404E500F83EF5 /* LaunchScreen.storyboard */; };
		0C9BCFA025041EBC00F83EF5 /* NameDescribable.swift in Sources */ = {isa = PBXBuildFile; fileRef = 0C9BCF9E25041EBC00F83EF5 /* NameDescribable.swift */; };
		0C9BCFA125041EBC00F83EF5 /* UserScoreView.swift in Sources */ = {isa = PBXBuildFile; fileRef = 0C9BCF9F25041EBC00F83EF5 /* UserScoreView.swift */; };
		0C9BCFA825041F4400F83EF5 /* Nunito-Black.ttf in Resources */ = {isa = PBXBuildFile; fileRef = 0C9BCFA425041F4400F83EF5 /* Nunito-Black.ttf */; };
		0C9BCFA925041F4400F83EF5 /* Nunito-Bold.ttf in Resources */ = {isa = PBXBuildFile; fileRef = 0C9BCFA525041F4400F83EF5 /* Nunito-Bold.ttf */; };
		0C9BCFAA25041F4400F83EF5 /* Nunito-Regular.ttf in Resources */ = {isa = PBXBuildFile; fileRef = 0C9BCFA625041F4400F83EF5 /* Nunito-Regular.ttf */; };
		0C9BCFAB25041F4400F83EF5 /* Nunito-SemiBold.ttf in Resources */ = {isa = PBXBuildFile; fileRef = 0C9BCFA725041F4400F83EF5 /* Nunito-SemiBold.ttf */; };
		0C9BCFB22504205E00F83EF5 /* ActorItem.swift in Sources */ = {isa = PBXBuildFile; fileRef = 0C9BCFAD2504205E00F83EF5 /* ActorItem.swift */; };
		0C9BCFB32504205E00F83EF5 /* MediaCategory.swift in Sources */ = {isa = PBXBuildFile; fileRef = 0C9BCFAE2504205E00F83EF5 /* MediaCategory.swift */; };
		0C9BCFB42504205E00F83EF5 /* MediaItem.swift in Sources */ = {isa = PBXBuildFile; fileRef = 0C9BCFAF2504205E00F83EF5 /* MediaItem.swift */; };
		0C9BCFB62504205E00F83EF5 /* YouTubeItem.swift in Sources */ = {isa = PBXBuildFile; fileRef = 0C9BCFB12504205E00F83EF5 /* YouTubeItem.swift */; };
		0C9BCFB925056FB500F83EF5 /* tmdb_key in Resources */ = {isa = PBXBuildFile; fileRef = 0C9BCFB825056FB500F83EF5 /* tmdb_key */; };
		0C9BCFBC25059C8000F83EF5 /* TMDbAPIService.swift in Sources */ = {isa = PBXBuildFile; fileRef = 0C9BCFBB25059C8000F83EF5 /* TMDbAPIService.swift */; };
		0CE3C07A25070824002D918A /* PaginationFooterView.swift in Sources */ = {isa = PBXBuildFile; fileRef = 0CE3C07925070824002D918A /* PaginationFooterView.swift */; };
		0CE3C0AC25070C95002D918A /* CGSize+ACExtensions.swift in Sources */ = {isa = PBXBuildFile; fileRef = 0CE3C09E25070C95002D918A /* CGSize+ACExtensions.swift */; };
		0CE3C0AD25070C95002D918A /* Color+ACExtensions.swift in Sources */ = {isa = PBXBuildFile; fileRef = 0CE3C09F25070C95002D918A /* Color+ACExtensions.swift */; };
		0CE3C0AE25070C95002D918A /* Double+ACExtensions.swift in Sources */ = {isa = PBXBuildFile; fileRef = 0CE3C0A025070C95002D918A /* Double+ACExtensions.swift */; };
		0CE3C0AF25070C95002D918A /* Int+ACExtensions.swift in Sources */ = {isa = PBXBuildFile; fileRef = 0CE3C0A125070C95002D918A /* Int+ACExtensions.swift */; };
		0CE3C0B025070C95002D918A /* String+ACExtensions.swift in Sources */ = {isa = PBXBuildFile; fileRef = 0CE3C0A225070C95002D918A /* String+ACExtensions.swift */; };
		0CE3C0B125070C95002D918A /* UIApplication+ACExtensions.swift in Sources */ = {isa = PBXBuildFile; fileRef = 0CE3C0A325070C95002D918A /* UIApplication+ACExtensions.swift */; };
		0CE3C0B225070C95002D918A /* UIImage+ACExtensions.swift in Sources */ = {isa = PBXBuildFile; fileRef = 0CE3C0A425070C95002D918A /* UIImage+ACExtensions.swift */; };
		0CE3C0B325070C95002D918A /* UIlabel+ACExtensions.swift in Sources */ = {isa = PBXBuildFile; fileRef = 0CE3C0A525070C95002D918A /* UIlabel+ACExtensions.swift */; };
		0CE3C0B425070C95002D918A /* UINavigationController+ACExtensions.swift in Sources */ = {isa = PBXBuildFile; fileRef = 0CE3C0A625070C95002D918A /* UINavigationController+ACExtensions.swift */; };
		0CE3C0B525070C95002D918A /* UIView+ACExtensions.swift in Sources */ = {isa = PBXBuildFile; fileRef = 0CE3C0A725070C95002D918A /* UIView+ACExtensions.swift */; };
		0CE3C0B625070C95002D918A /* URLSession+ACExtensions.swift in Sources */ = {isa = PBXBuildFile; fileRef = 0CE3C0A825070C95002D918A /* URLSession+ACExtensions.swift */; };
		0CE3C0B725070C95002D918A /* ACPaginationView.swift in Sources */ = {isa = PBXBuildFile; fileRef = 0CE3C0AA25070C95002D918A /* ACPaginationView.swift */; };
		0CE3C0B825070C95002D918A /* ACProgressView.swift in Sources */ = {isa = PBXBuildFile; fileRef = 0CE3C0AB25070C95002D918A /* ACProgressView.swift */; };
		0CE3C0BE25070CBF002D918A /* GradientView.swift in Sources */ = {isa = PBXBuildFile; fileRef = 0CE3C0BB25070CBF002D918A /* GradientView.swift */; };
		0CE3C0BF25070CBF002D918A /* ShadowImageView.swift in Sources */ = {isa = PBXBuildFile; fileRef = 0CE3C0BD25070CBF002D918A /* ShadowImageView.swift */; };
		24A52DA2BBAAAFFD9F2AD281 /* Pods_Muvis.framework in Frameworks */ = {isa = PBXBuildFile; fileRef = 52467709BE9B68837FC1F397 /* Pods_Muvis.framework */; };
/* End PBXBuildFile section */

/* Begin PBXFileReference section */
		0C9BCF5B250404E400F83EF5 /* Muvis.app */ = {isa = PBXFileReference; explicitFileType = wrapper.application; includeInIndex = 0; path = Muvis.app; sourceTree = BUILT_PRODUCTS_DIR; };
		0C9BCF5E250404E400F83EF5 /* AppDelegate.swift */ = {isa = PBXFileReference; lastKnownFileType = sourcecode.swift; path = AppDelegate.swift; sourceTree = "<group>"; };
		0C9BCF60250404E400F83EF5 /* SceneDelegate.swift */ = {isa = PBXFileReference; lastKnownFileType = sourcecode.swift; path = SceneDelegate.swift; sourceTree = "<group>"; };
		0C9BCF62250404E400F83EF5 /* HomeViewController.swift */ = {isa = PBXFileReference; lastKnownFileType = sourcecode.swift; path = HomeViewController.swift; sourceTree = "<group>"; };
		0C9BCF65250404E400F83EF5 /* Base */ = {isa = PBXFileReference; lastKnownFileType = file.storyboard; name = Base; path = Base.lproj/Main.storyboard; sourceTree = "<group>"; };
		0C9BCF67250404E500F83EF5 /* Assets.xcassets */ = {isa = PBXFileReference; lastKnownFileType = folder.assetcatalog; path = Assets.xcassets; sourceTree = "<group>"; };
		0C9BCF6A250404E500F83EF5 /* Base */ = {isa = PBXFileReference; lastKnownFileType = file.storyboard; name = Base; path = Base.lproj/LaunchScreen.storyboard; sourceTree = "<group>"; };
		0C9BCF6C250404E500F83EF5 /* Info.plist */ = {isa = PBXFileReference; lastKnownFileType = text.plist.xml; path = Info.plist; sourceTree = "<group>"; };
		0C9BCF9E25041EBC00F83EF5 /* NameDescribable.swift */ = {isa = PBXFileReference; fileEncoding = 4; lastKnownFileType = sourcecode.swift; path = NameDescribable.swift; sourceTree = "<group>"; };
		0C9BCF9F25041EBC00F83EF5 /* UserScoreView.swift */ = {isa = PBXFileReference; fileEncoding = 4; lastKnownFileType = sourcecode.swift; path = UserScoreView.swift; sourceTree = "<group>"; };
		0C9BCFA425041F4400F83EF5 /* Nunito-Black.ttf */ = {isa = PBXFileReference; lastKnownFileType = file; path = "Nunito-Black.ttf"; sourceTree = "<group>"; };
		0C9BCFA525041F4400F83EF5 /* Nunito-Bold.ttf */ = {isa = PBXFileReference; lastKnownFileType = file; path = "Nunito-Bold.ttf"; sourceTree = "<group>"; };
		0C9BCFA625041F4400F83EF5 /* Nunito-Regular.ttf */ = {isa = PBXFileReference; lastKnownFileType = file; path = "Nunito-Regular.ttf"; sourceTree = "<group>"; };
		0C9BCFA725041F4400F83EF5 /* Nunito-SemiBold.ttf */ = {isa = PBXFileReference; lastKnownFileType = file; path = "Nunito-SemiBold.ttf"; sourceTree = "<group>"; };
		0C9BCFAD2504205E00F83EF5 /* ActorItem.swift */ = {isa = PBXFileReference; fileEncoding = 4; lastKnownFileType = sourcecode.swift; path = ActorItem.swift; sourceTree = "<group>"; };
		0C9BCFAE2504205E00F83EF5 /* MediaCategory.swift */ = {isa = PBXFileReference; fileEncoding = 4; lastKnownFileType = sourcecode.swift; path = MediaCategory.swift; sourceTree = "<group>"; };
		0C9BCFAF2504205E00F83EF5 /* MediaItem.swift */ = {isa = PBXFileReference; fileEncoding = 4; lastKnownFileType = sourcecode.swift; path = MediaItem.swift; sourceTree = "<group>"; };
		0C9BCFB12504205E00F83EF5 /* YouTubeItem.swift */ = {isa = PBXFileReference; fileEncoding = 4; lastKnownFileType = sourcecode.swift; path = YouTubeItem.swift; sourceTree = "<group>"; };
		0C9BCFB825056FB500F83EF5 /* tmdb_key */ = {isa = PBXFileReference; fileEncoding = 4; lastKnownFileType = text; path = tmdb_key; sourceTree = "<group>"; };
		0C9BCFBB25059C8000F83EF5 /* TMDbAPIService.swift */ = {isa = PBXFileReference; lastKnownFileType = sourcecode.swift; path = TMDbAPIService.swift; sourceTree = "<group>"; };
		0CE3C07925070824002D918A /* PaginationFooterView.swift */ = {isa = PBXFileReference; lastKnownFileType = sourcecode.swift; path = PaginationFooterView.swift; sourceTree = "<group>"; };
		0CE3C09E25070C95002D918A /* CGSize+ACExtensions.swift */ = {isa = PBXFileReference; fileEncoding = 4; lastKnownFileType = sourcecode.swift; path = "CGSize+ACExtensions.swift"; sourceTree = "<group>"; };
		0CE3C09F25070C95002D918A /* Color+ACExtensions.swift */ = {isa = PBXFileReference; fileEncoding = 4; lastKnownFileType = sourcecode.swift; path = "Color+ACExtensions.swift"; sourceTree = "<group>"; };
		0CE3C0A025070C95002D918A /* Double+ACExtensions.swift */ = {isa = PBXFileReference; fileEncoding = 4; lastKnownFileType = sourcecode.swift; path = "Double+ACExtensions.swift"; sourceTree = "<group>"; };
		0CE3C0A125070C95002D918A /* Int+ACExtensions.swift */ = {isa = PBXFileReference; fileEncoding = 4; lastKnownFileType = sourcecode.swift; path = "Int+ACExtensions.swift"; sourceTree = "<group>"; };
		0CE3C0A225070C95002D918A /* String+ACExtensions.swift */ = {isa = PBXFileReference; fileEncoding = 4; lastKnownFileType = sourcecode.swift; path = "String+ACExtensions.swift"; sourceTree = "<group>"; };
		0CE3C0A325070C95002D918A /* UIApplication+ACExtensions.swift */ = {isa = PBXFileReference; fileEncoding = 4; lastKnownFileType = sourcecode.swift; path = "UIApplication+ACExtensions.swift"; sourceTree = "<group>"; };
		0CE3C0A425070C95002D918A /* UIImage+ACExtensions.swift */ = {isa = PBXFileReference; fileEncoding = 4; lastKnownFileType = sourcecode.swift; path = "UIImage+ACExtensions.swift"; sourceTree = "<group>"; };
		0CE3C0A525070C95002D918A /* UIlabel+ACExtensions.swift */ = {isa = PBXFileReference; fileEncoding = 4; lastKnownFileType = sourcecode.swift; path = "UIlabel+ACExtensions.swift"; sourceTree = "<group>"; };
		0CE3C0A625070C95002D918A /* UINavigationController+ACExtensions.swift */ = {isa = PBXFileReference; fileEncoding = 4; lastKnownFileType = sourcecode.swift; path = "UINavigationController+ACExtensions.swift"; sourceTree = "<group>"; };
		0CE3C0A725070C95002D918A /* UIView+ACExtensions.swift */ = {isa = PBXFileReference; fileEncoding = 4; lastKnownFileType = sourcecode.swift; path = "UIView+ACExtensions.swift"; sourceTree = "<group>"; };
		0CE3C0A825070C95002D918A /* URLSession+ACExtensions.swift */ = {isa = PBXFileReference; fileEncoding = 4; lastKnownFileType = sourcecode.swift; path = "URLSession+ACExtensions.swift"; sourceTree = "<group>"; };
		0CE3C0AA25070C95002D918A /* ACPaginationView.swift */ = {isa = PBXFileReference; fileEncoding = 4; lastKnownFileType = sourcecode.swift; path = ACPaginationView.swift; sourceTree = "<group>"; };
		0CE3C0AB25070C95002D918A /* ACProgressView.swift */ = {isa = PBXFileReference; fileEncoding = 4; lastKnownFileType = sourcecode.swift; path = ACProgressView.swift; sourceTree = "<group>"; };
		0CE3C0BB25070CBF002D918A /* GradientView.swift */ = {isa = PBXFileReference; fileEncoding = 4; lastKnownFileType = sourcecode.swift; path = GradientView.swift; sourceTree = "<group>"; };
		0CE3C0BD25070CBF002D918A /* ShadowImageView.swift */ = {isa = PBXFileReference; fileEncoding = 4; lastKnownFileType = sourcecode.swift; path = ShadowImageView.swift; sourceTree = "<group>"; };
		1A3A6F02D3AEA6094E61D422 /* Pods-Muvis.release.xcconfig */ = {isa = PBXFileReference; includeInIndex = 1; lastKnownFileType = text.xcconfig; name = "Pods-Muvis.release.xcconfig"; path = "Target Support Files/Pods-Muvis/Pods-Muvis.release.xcconfig"; sourceTree = "<group>"; };
		52467709BE9B68837FC1F397 /* Pods_Muvis.framework */ = {isa = PBXFileReference; explicitFileType = wrapper.framework; includeInIndex = 0; path = Pods_Muvis.framework; sourceTree = BUILT_PRODUCTS_DIR; };
		6B1F07A1C7BFCD7AC49C8CE1 /* Pods-Muvis.debug.xcconfig */ = {isa = PBXFileReference; includeInIndex = 1; lastKnownFileType = text.xcconfig; name = "Pods-Muvis.debug.xcconfig"; path = "Target Support Files/Pods-Muvis/Pods-Muvis.debug.xcconfig"; sourceTree = "<group>"; };
/* End PBXFileReference section */

/* Begin PBXFrameworksBuildPhase section */
		0C9BCF58250404E400F83EF5 /* Frameworks */ = {
			isa = PBXFrameworksBuildPhase;
			buildActionMask = 2147483647;
			files = (
				24A52DA2BBAAAFFD9F2AD281 /* Pods_Muvis.framework in Frameworks */,
			);
			runOnlyForDeploymentPostprocessing = 0;
		};
/* End PBXFrameworksBuildPhase section */

/* Begin PBXGroup section */
		0C9BCF52250404E400F83EF5 = {
			isa = PBXGroup;
			children = (
				0C9BCF5D250404E400F83EF5 /* Muvis */,
				0C9BCF5C250404E400F83EF5 /* Products */,
				D2810A8179E3B528D5BCB51D /* Pods */,
				9F19EC414241369BCAB28707 /* Frameworks */,
			);
			sourceTree = "<group>";
		};
		0C9BCF5C250404E400F83EF5 /* Products */ = {
			isa = PBXGroup;
			children = (
				0C9BCF5B250404E400F83EF5 /* Muvis.app */,
			);
			name = Products;
			sourceTree = "<group>";
		};
		0C9BCF5D250404E400F83EF5 /* Muvis */ = {
			isa = PBXGroup;
			children = (
				0C9BCF6C250404E500F83EF5 /* Info.plist */,
				0C9BCF5E250404E400F83EF5 /* AppDelegate.swift */,
				0C9BCF60250404E400F83EF5 /* SceneDelegate.swift */,
				0C9BCF67250404E500F83EF5 /* Assets.xcassets */,
				0C9BCFBD2506FF4B00F83EF5 /* UI */,
				0C9BCFBA25059C5400F83EF5 /* Services */,
				0C9BCFAC2504205E00F83EF5 /* Models */,
				0C9BCF9D25041EBC00F83EF5 /* Utils */,
				0C9BCF7C2504175900F83EF5 /* Dependencies */,
				0C9BCFA225041F4400F83EF5 /* Resources */,
				0C9BCFB725056EC100F83EF5 /* Secrets */,
			);
			path = Muvis;
			sourceTree = "<group>";
		};
		0C9BCF7C2504175900F83EF5 /* Dependencies */ = {
			isa = PBXGroup;
			children = (
				0CE3C0B925070CBF002D918A /* Snapshots */,
				0CE3C07B25070C2D002D918A /* Submodules */,
			);
			path = Dependencies;
			sourceTree = SOURCE_ROOT;
		};
		0C9BCF9D25041EBC00F83EF5 /* Utils */ = {
			isa = PBXGroup;
			children = (
				0C9BCF9E25041EBC00F83EF5 /* NameDescribable.swift */,
				0C9BCF9F25041EBC00F83EF5 /* UserScoreView.swift */,
			);
			path = Utils;
			sourceTree = "<group>";
		};
		0C9BCFA225041F4400F83EF5 /* Resources */ = {
			isa = PBXGroup;
			children = (
				0C9BCFA325041F4400F83EF5 /* Fonts */,
			);
			path = Resources;
			sourceTree = "<group>";
		};
		0C9BCFA325041F4400F83EF5 /* Fonts */ = {
			isa = PBXGroup;
			children = (
				0C9BCFA425041F4400F83EF5 /* Nunito-Black.ttf */,
				0C9BCFA525041F4400F83EF5 /* Nunito-Bold.ttf */,
				0C9BCFA625041F4400F83EF5 /* Nunito-Regular.ttf */,
				0C9BCFA725041F4400F83EF5 /* Nunito-SemiBold.ttf */,
			);
			path = Fonts;
			sourceTree = "<group>";
		};
		0C9BCFAC2504205E00F83EF5 /* Models */ = {
			isa = PBXGroup;
			children = (
				0C9BCFAD2504205E00F83EF5 /* ActorItem.swift */,
				0C9BCFAE2504205E00F83EF5 /* MediaCategory.swift */,
				0C9BCFAF2504205E00F83EF5 /* MediaItem.swift */,
				0C9BCFB12504205E00F83EF5 /* YouTubeItem.swift */,
			);
			path = Models;
			sourceTree = "<group>";
		};
		0C9BCFB725056EC100F83EF5 /* Secrets */ = {
			isa = PBXGroup;
			children = (
				0C9BCFB825056FB500F83EF5 /* tmdb_key */,
			);
			path = Secrets;
			sourceTree = "<group>";
		};
		0C9BCFBA25059C5400F83EF5 /* Services */ = {
			isa = PBXGroup;
			children = (
				0C9BCFBB25059C8000F83EF5 /* TMDbAPIService.swift */,
			);
			path = Services;
			sourceTree = "<group>";
		};
		0C9BCFBD2506FF4B00F83EF5 /* UI */ = {
			isa = PBXGroup;
			children = (
				0C9BCF69250404E500F83EF5 /* LaunchScreen.storyboard */,
				0C9BCF64250404E400F83EF5 /* Main.storyboard */,
				0CE3C075250707BB002D918A /* Screens */,
				0CE3C078250707EB002D918A /* Cells */,
				0CE3C077250707E5002D918A /* Footers */,
				0CE3C076250707DD002D918A /* Headers */,
			);
			path = UI;
			sourceTree = "<group>";
		};
		0CE3C075250707BB002D918A /* Screens */ = {
			isa = PBXGroup;
			children = (
				0C9BCF62250404E400F83EF5 /* HomeViewController.swift */,
			);
			path = Screens;
			sourceTree = "<group>";
		};
		0CE3C076250707DD002D918A /* Headers */ = {
			isa = PBXGroup;
			children = (
			);
			path = Headers;
			sourceTree = "<group>";
		};
		0CE3C077250707E5002D918A /* Footers */ = {
			isa = PBXGroup;
			children = (
				0CE3C07925070824002D918A /* PaginationFooterView.swift */,
			);
			path = Footers;
			sourceTree = "<group>";
		};
		0CE3C078250707EB002D918A /* Cells */ = {
			isa = PBXGroup;
			children = (
			);
			path = Cells;
			sourceTree = "<group>";
		};
		0CE3C07B25070C2D002D918A /* Submodules */ = {
			isa = PBXGroup;
			children = (
				0CE3C09C25070C94002D918A /* ACCore */,
			);
			name = Submodules;
			path = Muvis/Dependencies/Submodules;
			sourceTree = SOURCE_ROOT;
		};
		0CE3C09C25070C94002D918A /* ACCore */ = {
			isa = PBXGroup;
			children = (
				0CE3C09D25070C94002D918A /* Extensions */,
				0CE3C0A925070C95002D918A /* Views */,
			);
			name = ACCore;
			path = ACCore/ACCore;
			sourceTree = "<group>";
		};
		0CE3C09D25070C94002D918A /* Extensions */ = {
			isa = PBXGroup;
			children = (
				0CE3C09E25070C95002D918A /* CGSize+ACExtensions.swift */,
				0CE3C09F25070C95002D918A /* Color+ACExtensions.swift */,
				0CE3C0A025070C95002D918A /* Double+ACExtensions.swift */,
				0CE3C0A125070C95002D918A /* Int+ACExtensions.swift */,
				0CE3C0A225070C95002D918A /* String+ACExtensions.swift */,
				0CE3C0A325070C95002D918A /* UIApplication+ACExtensions.swift */,
				0CE3C0A425070C95002D918A /* UIImage+ACExtensions.swift */,
				0CE3C0A525070C95002D918A /* UIlabel+ACExtensions.swift */,
				0CE3C0A625070C95002D918A /* UINavigationController+ACExtensions.swift */,
				0CE3C0A725070C95002D918A /* UIView+ACExtensions.swift */,
				0CE3C0A825070C95002D918A /* URLSession+ACExtensions.swift */,
			);
			path = Extensions;
			sourceTree = "<group>";
		};
		0CE3C0A925070C95002D918A /* Views */ = {
			isa = PBXGroup;
			children = (
				0CE3C0AA25070C95002D918A /* ACPaginationView.swift */,
				0CE3C0AB25070C95002D918A /* ACProgressView.swift */,
			);
			path = Views;
			sourceTree = "<group>";
		};
		0CE3C0B925070CBF002D918A /* Snapshots */ = {
			isa = PBXGroup;
			children = (
				0CE3C0BA25070CBF002D918A /* GradientView */,
				0CE3C0BC25070CBF002D918A /* ShadowImageView */,
			);
			name = Snapshots;
			path = Muvis/Dependencies/Snapshots;
			sourceTree = SOURCE_ROOT;
		};
		0CE3C0BA25070CBF002D918A /* GradientView */ = {
			isa = PBXGroup;
			children = (
				0CE3C0BB25070CBF002D918A /* GradientView.swift */,
			);
			path = GradientView;
			sourceTree = "<group>";
		};
		0CE3C0BC25070CBF002D918A /* ShadowImageView */ = {
			isa = PBXGroup;
			children = (
				0CE3C0BD25070CBF002D918A /* ShadowImageView.swift */,
			);
			path = ShadowImageView;
			sourceTree = "<group>";
		};
		9F19EC414241369BCAB28707 /* Frameworks */ = {
			isa = PBXGroup;
			children = (
				52467709BE9B68837FC1F397 /* Pods_Muvis.framework */,
			);
			name = Frameworks;
			sourceTree = "<group>";
		};
		D2810A8179E3B528D5BCB51D /* Pods */ = {
			isa = PBXGroup;
			children = (
				6B1F07A1C7BFCD7AC49C8CE1 /* Pods-Muvis.debug.xcconfig */,
				1A3A6F02D3AEA6094E61D422 /* Pods-Muvis.release.xcconfig */,
			);
			path = Pods;
			sourceTree = "<group>";
		};
/* End PBXGroup section */

/* Begin PBXNativeTarget section */
		0C9BCF5A250404E400F83EF5 /* Muvis */ = {
			isa = PBXNativeTarget;
			buildConfigurationList = 0C9BCF6F250404E500F83EF5 /* Build configuration list for PBXNativeTarget "Muvis" */;
			buildPhases = (
				EDAC71F4B6B0EEAF86EF3DFF /* [CP] Check Pods Manifest.lock */,
				0C9BCF57250404E400F83EF5 /* Sources */,
				0C9BCF58250404E400F83EF5 /* Frameworks */,
				0C9BCF59250404E400F83EF5 /* Resources */,
				EA8F955CC607B8CFFAD89865 /* [CP] Embed Pods Frameworks */,
			);
			buildRules = (
			);
			dependencies = (
			);
			name = Muvis;
			productName = Muvis;
			productReference = 0C9BCF5B250404E400F83EF5 /* Muvis.app */;
			productType = "com.apple.product-type.application";
		};
/* End PBXNativeTarget section */

/* Begin PBXProject section */
		0C9BCF53250404E400F83EF5 /* Project object */ = {
			isa = PBXProject;
			attributes = {
				LastSwiftUpdateCheck = 1160;
				LastUpgradeCheck = 1160;
				ORGANIZATIONNAME = "Carolco LLC";
				TargetAttributes = {
					0C9BCF5A250404E400F83EF5 = {
						CreatedOnToolsVersion = 11.6;
					};
				};
			};
			buildConfigurationList = 0C9BCF56250404E400F83EF5 /* Build configuration list for PBXProject "Muvis" */;
			compatibilityVersion = "Xcode 9.3";
			developmentRegion = en;
			hasScannedForEncodings = 0;
			knownRegions = (
				en,
				Base,
			);
			mainGroup = 0C9BCF52250404E400F83EF5;
			productRefGroup = 0C9BCF5C250404E400F83EF5 /* Products */;
			projectDirPath = "";
			projectRoot = "";
			targets = (
				0C9BCF5A250404E400F83EF5 /* Muvis */,
			);
		};
/* End PBXProject section */

/* Begin PBXResourcesBuildPhase section */
		0C9BCF59250404E400F83EF5 /* Resources */ = {
			isa = PBXResourcesBuildPhase;
			buildActionMask = 2147483647;
			files = (
				0C9BCFAB25041F4400F83EF5 /* Nunito-SemiBold.ttf in Resources */,
				0C9BCF6B250404E500F83EF5 /* LaunchScreen.storyboard in Resources */,
				0C9BCFA825041F4400F83EF5 /* Nunito-Black.ttf in Resources */,
				0C9BCF68250404E500F83EF5 /* Assets.xcassets in Resources */,
				0C9BCF66250404E400F83EF5 /* Main.storyboard in Resources */,
				0C9BCFB925056FB500F83EF5 /* tmdb_key in Resources */,
				0C9BCFAA25041F4400F83EF5 /* Nunito-Regular.ttf in Resources */,
				0C9BCFA925041F4400F83EF5 /* Nunito-Bold.ttf in Resources */,
			);
			runOnlyForDeploymentPostprocessing = 0;
		};
/* End PBXResourcesBuildPhase section */

/* Begin PBXShellScriptBuildPhase section */
		EA8F955CC607B8CFFAD89865 /* [CP] Embed Pods Frameworks */ = {
			isa = PBXShellScriptBuildPhase;
			buildActionMask = 2147483647;
			files = (
			);
			inputFileListPaths = (
				"${PODS_ROOT}/Target Support Files/Pods-Muvis/Pods-Muvis-frameworks-${CONFIGURATION}-input-files.xcfilelist",
			);
			name = "[CP] Embed Pods Frameworks";
			outputFileListPaths = (
				"${PODS_ROOT}/Target Support Files/Pods-Muvis/Pods-Muvis-frameworks-${CONFIGURATION}-output-files.xcfilelist",
			);
			runOnlyForDeploymentPostprocessing = 0;
			shellPath = /bin/sh;
			shellScript = "\"${PODS_ROOT}/Target Support Files/Pods-Muvis/Pods-Muvis-frameworks.sh\"\n";
			showEnvVarsInLog = 0;
		};
		EDAC71F4B6B0EEAF86EF3DFF /* [CP] Check Pods Manifest.lock */ = {
			isa = PBXShellScriptBuildPhase;
			buildActionMask = 2147483647;
			files = (
			);
			inputFileListPaths = (
			);
			inputPaths = (
				"${PODS_PODFILE_DIR_PATH}/Podfile.lock",
				"${PODS_ROOT}/Manifest.lock",
			);
			name = "[CP] Check Pods Manifest.lock";
			outputFileListPaths = (
			);
			outputPaths = (
				"$(DERIVED_FILE_DIR)/Pods-Muvis-checkManifestLockResult.txt",
			);
			runOnlyForDeploymentPostprocessing = 0;
			shellPath = /bin/sh;
			shellScript = "diff \"${PODS_PODFILE_DIR_PATH}/Podfile.lock\" \"${PODS_ROOT}/Manifest.lock\" > /dev/null\nif [ $? != 0 ] ; then\n    # print error to STDERR\n    echo \"error: The sandbox is not in sync with the Podfile.lock. Run 'pod install' or update your CocoaPods installation.\" >&2\n    exit 1\nfi\n# This output is used by Xcode 'outputs' to avoid re-running this script phase.\necho \"SUCCESS\" > \"${SCRIPT_OUTPUT_FILE_0}\"\n";
			showEnvVarsInLog = 0;
		};
/* End PBXShellScriptBuildPhase section */

/* Begin PBXSourcesBuildPhase section */
		0C9BCF57250404E400F83EF5 /* Sources */ = {
			isa = PBXSourcesBuildPhase;
			buildActionMask = 2147483647;
			files = (
				0CE3C0BF25070CBF002D918A /* ShadowImageView.swift in Sources */,
				0CE3C0AE25070C95002D918A /* Double+ACExtensions.swift in Sources */,
				0CE3C0B425070C95002D918A /* UINavigationController+ACExtensions.swift in Sources */,
				0C9BCFB32504205E00F83EF5 /* MediaCategory.swift in Sources */,
				0CE3C0B825070C95002D918A /* ACProgressView.swift in Sources */,
				0C9BCFA025041EBC00F83EF5 /* NameDescribable.swift in Sources */,
				0CE3C0B225070C95002D918A /* UIImage+ACExtensions.swift in Sources */,
				0CE3C0B725070C95002D918A /* ACPaginationView.swift in Sources */,
				0C9BCF63250404E400F83EF5 /* HomeViewController.swift in Sources */,
				0C9BCFB22504205E00F83EF5 /* ActorItem.swift in Sources */,
				0C9BCFA125041EBC00F83EF5 /* UserScoreView.swift in Sources */,
				0C9BCF5F250404E400F83EF5 /* AppDelegate.swift in Sources */,
				0C9BCFBC25059C8000F83EF5 /* TMDbAPIService.swift in Sources */,
				0CE3C0AD25070C95002D918A /* Color+ACExtensions.swift in Sources */,
				0C9BCFB42504205E00F83EF5 /* MediaItem.swift in Sources */,
				0CE3C0B525070C95002D918A /* UIView+ACExtensions.swift in Sources */,
				0CE3C0B125070C95002D918A /* UIApplication+ACExtensions.swift in Sources */,
				0CE3C0B025070C95002D918A /* String+ACExtensions.swift in Sources */,
				0CE3C0AC25070C95002D918A /* CGSize+ACExtensions.swift in Sources */,
				0CE3C07A25070824002D918A /* PaginationFooterView.swift in Sources */,
				0C9BCF61250404E400F83EF5 /* SceneDelegate.swift in Sources */,
				0CE3C0AF25070C95002D918A /* Int+ACExtensions.swift in Sources */,
				0CE3C0B325070C95002D918A /* UIlabel+ACExtensions.swift in Sources */,
				0CE3C0BE25070CBF002D918A /* GradientView.swift in Sources */,
				0CE3C0B625070C95002D918A /* URLSession+ACExtensions.swift in Sources */,
				0C9BCFB62504205E00F83EF5 /* YouTubeItem.swift in Sources */,
			);
			runOnlyForDeploymentPostprocessing = 0;
		};
/* End PBXSourcesBuildPhase section */

/* Begin PBXVariantGroup section */
		0C9BCF64250404E400F83EF5 /* Main.storyboard */ = {
			isa = PBXVariantGroup;
			children = (
				0C9BCF65250404E400F83EF5 /* Base */,
			);
			name = Main.storyboard;
			sourceTree = "<group>";
		};
		0C9BCF69250404E500F83EF5 /* LaunchScreen.storyboard */ = {
			isa = PBXVariantGroup;
			children = (
				0C9BCF6A250404E500F83EF5 /* Base */,
			);
			name = LaunchScreen.storyboard;
			sourceTree = "<group>";
		};
/* End PBXVariantGroup section */

/* Begin XCBuildConfiguration section */
		0C9BCF6D250404E500F83EF5 /* Debug */ = {
			isa = XCBuildConfiguration;
			buildSettings = {
				ALWAYS_SEARCH_USER_PATHS = NO;
				CLANG_ANALYZER_NONNULL = YES;
				CLANG_ANALYZER_NUMBER_OBJECT_CONVERSION = YES_AGGRESSIVE;
				CLANG_CXX_LANGUAGE_STANDARD = "gnu++14";
				CLANG_CXX_LIBRARY = "libc++";
				CLANG_ENABLE_MODULES = YES;
				CLANG_ENABLE_OBJC_ARC = YES;
				CLANG_ENABLE_OBJC_WEAK = YES;
				CLANG_WARN_BLOCK_CAPTURE_AUTORELEASING = YES;
				CLANG_WARN_BOOL_CONVERSION = YES;
				CLANG_WARN_COMMA = YES;
				CLANG_WARN_CONSTANT_CONVERSION = YES;
				CLANG_WARN_DEPRECATED_OBJC_IMPLEMENTATIONS = YES;
				CLANG_WARN_DIRECT_OBJC_ISA_USAGE = YES_ERROR;
				CLANG_WARN_DOCUMENTATION_COMMENTS = YES;
				CLANG_WARN_EMPTY_BODY = YES;
				CLANG_WARN_ENUM_CONVERSION = YES;
				CLANG_WARN_INFINITE_RECURSION = YES;
				CLANG_WARN_INT_CONVERSION = YES;
				CLANG_WARN_NON_LITERAL_NULL_CONVERSION = YES;
				CLANG_WARN_OBJC_IMPLICIT_RETAIN_SELF = YES;
				CLANG_WARN_OBJC_LITERAL_CONVERSION = YES;
				CLANG_WARN_OBJC_ROOT_CLASS = YES_ERROR;
				CLANG_WARN_RANGE_LOOP_ANALYSIS = YES;
				CLANG_WARN_STRICT_PROTOTYPES = YES;
				CLANG_WARN_SUSPICIOUS_MOVE = YES;
				CLANG_WARN_UNGUARDED_AVAILABILITY = YES_AGGRESSIVE;
				CLANG_WARN_UNREACHABLE_CODE = YES;
				CLANG_WARN__DUPLICATE_METHOD_MATCH = YES;
				COPY_PHASE_STRIP = NO;
				DEBUG_INFORMATION_FORMAT = dwarf;
				ENABLE_STRICT_OBJC_MSGSEND = YES;
				ENABLE_TESTABILITY = YES;
				GCC_C_LANGUAGE_STANDARD = gnu11;
				GCC_DYNAMIC_NO_PIC = NO;
				GCC_NO_COMMON_BLOCKS = YES;
				GCC_OPTIMIZATION_LEVEL = 0;
				GCC_PREPROCESSOR_DEFINITIONS = (
					"DEBUG=1",
					"$(inherited)",
				);
				GCC_WARN_64_TO_32_BIT_CONVERSION = YES;
				GCC_WARN_ABOUT_RETURN_TYPE = YES_ERROR;
				GCC_WARN_UNDECLARED_SELECTOR = YES;
				GCC_WARN_UNINITIALIZED_AUTOS = YES_AGGRESSIVE;
				GCC_WARN_UNUSED_FUNCTION = YES;
				GCC_WARN_UNUSED_VARIABLE = YES;
				IPHONEOS_DEPLOYMENT_TARGET = 13.6;
				MTL_ENABLE_DEBUG_INFO = INCLUDE_SOURCE;
				MTL_FAST_MATH = YES;
				ONLY_ACTIVE_ARCH = YES;
				SDKROOT = iphoneos;
				SWIFT_ACTIVE_COMPILATION_CONDITIONS = DEBUG;
				SWIFT_OPTIMIZATION_LEVEL = "-Onone";
			};
			name = Debug;
		};
		0C9BCF6E250404E500F83EF5 /* Release */ = {
			isa = XCBuildConfiguration;
			buildSettings = {
				ALWAYS_SEARCH_USER_PATHS = NO;
				CLANG_ANALYZER_NONNULL = YES;
				CLANG_ANALYZER_NUMBER_OBJECT_CONVERSION = YES_AGGRESSIVE;
				CLANG_CXX_LANGUAGE_STANDARD = "gnu++14";
				CLANG_CXX_LIBRARY = "libc++";
				CLANG_ENABLE_MODULES = YES;
				CLANG_ENABLE_OBJC_ARC = YES;
				CLANG_ENABLE_OBJC_WEAK = YES;
				CLANG_WARN_BLOCK_CAPTURE_AUTORELEASING = YES;
				CLANG_WARN_BOOL_CONVERSION = YES;
				CLANG_WARN_COMMA = YES;
				CLANG_WARN_CONSTANT_CONVERSION = YES;
				CLANG_WARN_DEPRECATED_OBJC_IMPLEMENTATIONS = YES;
				CLANG_WARN_DIRECT_OBJC_ISA_USAGE = YES_ERROR;
				CLANG_WARN_DOCUMENTATION_COMMENTS = YES;
				CLANG_WARN_EMPTY_BODY = YES;
				CLANG_WARN_ENUM_CONVERSION = YES;
				CLANG_WARN_INFINITE_RECURSION = YES;
				CLANG_WARN_INT_CONVERSION = YES;
				CLANG_WARN_NON_LITERAL_NULL_CONVERSION = YES;
				CLANG_WARN_OBJC_IMPLICIT_RETAIN_SELF = YES;
				CLANG_WARN_OBJC_LITERAL_CONVERSION = YES;
				CLANG_WARN_OBJC_ROOT_CLASS = YES_ERROR;
				CLANG_WARN_RANGE_LOOP_ANALYSIS = YES;
				CLANG_WARN_STRICT_PROTOTYPES = YES;
				CLANG_WARN_SUSPICIOUS_MOVE = YES;
				CLANG_WARN_UNGUARDED_AVAILABILITY = YES_AGGRESSIVE;
				CLANG_WARN_UNREACHABLE_CODE = YES;
				CLANG_WARN__DUPLICATE_METHOD_MATCH = YES;
				COPY_PHASE_STRIP = NO;
				DEBUG_INFORMATION_FORMAT = "dwarf-with-dsym";
				ENABLE_NS_ASSERTIONS = NO;
				ENABLE_STRICT_OBJC_MSGSEND = YES;
				GCC_C_LANGUAGE_STANDARD = gnu11;
				GCC_NO_COMMON_BLOCKS = YES;
				GCC_WARN_64_TO_32_BIT_CONVERSION = YES;
				GCC_WARN_ABOUT_RETURN_TYPE = YES_ERROR;
				GCC_WARN_UNDECLARED_SELECTOR = YES;
				GCC_WARN_UNINITIALIZED_AUTOS = YES_AGGRESSIVE;
				GCC_WARN_UNUSED_FUNCTION = YES;
				GCC_WARN_UNUSED_VARIABLE = YES;
				IPHONEOS_DEPLOYMENT_TARGET = 13.6;
				MTL_ENABLE_DEBUG_INFO = NO;
				MTL_FAST_MATH = YES;
				SDKROOT = iphoneos;
				SWIFT_COMPILATION_MODE = wholemodule;
				SWIFT_OPTIMIZATION_LEVEL = "-O";
				VALIDATE_PRODUCT = YES;
			};
			name = Release;
		};
		0C9BCF70250404E500F83EF5 /* Debug */ = {
			isa = XCBuildConfiguration;
			baseConfigurationReference = 6B1F07A1C7BFCD7AC49C8CE1 /* Pods-Muvis.debug.xcconfig */;
			buildSettings = {
				ASSETCATALOG_COMPILER_APPICON_NAME = AppIcon;
				CODE_SIGN_STYLE = Automatic;
				DEVELOPMENT_TEAM = T3VGTCCBRD;
				INFOPLIST_FILE = Muvis/Info.plist;
				LD_RUNPATH_SEARCH_PATHS = (
					"$(inherited)",
					"@executable_path/Frameworks",
				);
				PRODUCT_BUNDLE_IDENTIFIER = com.carolco.Muvis;
				PRODUCT_NAME = "$(TARGET_NAME)";
				SWIFT_VERSION = 5.0;
				TARGETED_DEVICE_FAMILY = "1,2";
			};
			name = Debug;
		};
		0C9BCF71250404E500F83EF5 /* Release */ = {
			isa = XCBuildConfiguration;
			baseConfigurationReference = 1A3A6F02D3AEA6094E61D422 /* Pods-Muvis.release.xcconfig */;
			buildSettings = {
				ASSETCATALOG_COMPILER_APPICON_NAME = AppIcon;
				CODE_SIGN_STYLE = Automatic;
				DEVELOPMENT_TEAM = T3VGTCCBRD;
				INFOPLIST_FILE = Muvis/Info.plist;
				LD_RUNPATH_SEARCH_PATHS = (
					"$(inherited)",
					"@executable_path/Frameworks",
				);
				PRODUCT_BUNDLE_IDENTIFIER = com.carolco.Muvis;
				PRODUCT_NAME = "$(TARGET_NAME)";
				SWIFT_VERSION = 5.0;
				TARGETED_DEVICE_FAMILY = "1,2";
			};
			name = Release;
		};
/* End XCBuildConfiguration section */

/* Begin XCConfigurationList section */
		0C9BCF56250404E400F83EF5 /* Build configuration list for PBXProject "Muvis" */ = {
			isa = XCConfigurationList;
			buildConfigurations = (
				0C9BCF6D250404E500F83EF5 /* Debug */,
				0C9BCF6E250404E500F83EF5 /* Release */,
			);
			defaultConfigurationIsVisible = 0;
			defaultConfigurationName = Release;
		};
		0C9BCF6F250404E500F83EF5 /* Build configuration list for PBXNativeTarget "Muvis" */ = {
			isa = XCConfigurationList;
			buildConfigurations = (
				0C9BCF70250404E500F83EF5 /* Debug */,
				0C9BCF71250404E500F83EF5 /* Release */,
			);
			defaultConfigurationIsVisible = 0;
			defaultConfigurationName = Release;
		};
/* End XCConfigurationList section */
	};
	rootObject = 0C9BCF53250404E400F83EF5 /* Project object */;
}
